# This file is automatically @generated by Cargo.
# It is not intended for manual editing.
version = 3

[[package]]
name = "common"
version = "0.1.0"

[[package]]
name = "discord-bot"
version = "0.1.0"
dependencies = [
 "common",
]

[[package]]
name = "website-backend"
version = "0.1.0"
dependencies = [
 "common",
]

[[package]]
name = "website-frontend"
version = "0.1.0"
dependencies = [
 "common",
]
